Microsoft Visual Studio Solution File, Format Version 11.00
# Visual Studio 2010
Project("{FAE04EC0-301F-11D3-BF4B-00C04F79EFBC}") = "DevExpress.Calendar", "DevExpress.Calendar\DevExpress.Calendar.csproj", "{FDEC81C4-437E-41B7-A089-8CBB0347007B}"
EndProject
Project("{FAE04EC0-301F-11D3-BF4B-00C04F79EFBC}") = "DevExpress.Calendar.Model", "DevExpress.Calendar.Model\DevExpress.Calendar.Model.csproj", "{D075FCF4-239C-43BC-8DBB-2E790FC169C6}"
EndProject
Project("{FAE04EC0-301F-11D3-BF4B-00C04F79EFBC}") = "DevExpress.Calendar.Web", "DevExpress.Calendar.Web\DevExpress.Calendar.Web.csproj", "{C268C1C5-EE04-4E04-BE10-EEC3109BD85E}"
EndProject
Global
	GlobalSection(SolutionConfigurationPlatforms) = preSolution
		Debug|Any CPU = Debug|Any CPU
		Debug|Mixed Platforms = Debug|Mixed Platforms
		Debug|x86 = Debug|x86
		DebugTest|Any CPU = DebugTest|Any CPU
		DebugTest|Mixed Platforms = DebugTest|Mixed Platforms
		DebugTest|x86 = DebugTest|x86
		Release|Any CPU = Release|Any CPU
		Release|Mixed Platforms = Release|Mixed Platforms
		Release|x86 = Release|x86
	EndGlobalSection
	GlobalSection(ProjectConfigurationPlatforms) = postSolution
		{FDEC81C4-437E-41B7-A089-8CBB0347007B}.Debug|Any CPU.ActiveCfg = Debug|x86
		{FDEC81C4-437E-41B7-A089-8CBB0347007B}.Debug|Mixed Platforms.ActiveCfg = Debug|x86
		{FDEC81C4-437E-41B7-A089-8CBB0347007B}.Debug|Mixed Platforms.Build.0 = Debug|x86
		{FDEC81C4-437E-41B7-A089-8CBB0347007B}.Debug|x86.ActiveCfg = Debug|x86
		{FDEC81C4-437E-41B7-A089-8CBB0347007B}.Debug|x86.Build.0 = Debug|x86
		{FDEC81C4-437E-41B7-A089-8CBB0347007B}.DebugTest|Any CPU.ActiveCfg = Debug|x86
		{FDEC81C4-437E-41B7-A089-8CBB0347007B}.DebugTest|Mixed Platforms.ActiveCfg = Debug|x86
		{FDEC81C4-437E-41B7-A089-8CBB0347007B}.DebugTest|Mixed Platforms.Build.0 = Debug|x86
		{FDEC81C4-437E-41B7-A089-8CBB0347007B}.DebugTest|x86.ActiveCfg = Debug|x86
		{FDEC81C4-437E-41B7-A089-8CBB0347007B}.DebugTest|x86.Build.0 = Debug|x86
		{FDEC81C4-437E-41B7-A089-8CBB0347007B}.Release|Any CPU.ActiveCfg = Release|x86
		{FDEC81C4-437E-41B7-A089-8CBB0347007B}.Release|Mixed Platforms.ActiveCfg = Release|x86
		{FDEC81C4-437E-41B7-A089-8CBB0347007B}.Release|Mixed Platforms.Build.0 = Release|x86
		{FDEC81C4-437E-41B7-A089-8CBB0347007B}.Release|x86.ActiveCfg = Release|x86
		{FDEC81C4-437E-41B7-A089-8CBB0347007B}.Release|x86.Build.0 = Release|x86
		{D075FCF4-239C-43BC-8DBB-2E790FC169C6}.Debug|Any CPU.ActiveCfg = Debug|Any CPU
		{D075FCF4-239C-43BC-8DBB-2E790FC169C6}.Debug|Any CPU.Build.0 = Debug|Any CPU
		{D075FCF4-239C-43BC-8DBB-2E790FC169C6}.Debug|Mixed Platforms.ActiveCfg = Debug|Any CPU
		{D075FCF4-239C-43BC-8DBB-2E790FC169C6}.Debug|Mixed Platforms.Build.0 = Debug|Any CPU
		{D075FCF4-239C-43BC-8DBB-2E790FC169C6}.Debug|x86.ActiveCfg = Debug|Any CPU
		{D075FCF4-239C-43BC-8DBB-2E790FC169C6}.DebugTest|Any CPU.ActiveCfg = Debug|Any CPU
		{D075FCF4-239C-43BC-8DBB-2E790FC169C6}.DebugTest|Any CPU.Build.0 = Debug|Any CPU
		{D075FCF4-239C-43BC-8DBB-2E790FC169C6}.DebugTest|Mixed Platforms.ActiveCfg = Debug|Any CPU
		{D075FCF4-239C-43BC-8DBB-2E790FC169C6}.DebugTest|Mixed Platforms.Build.0 = Debug|Any CPU
		{D075FCF4-239C-43BC-8DBB-2E790FC169C6}.DebugTest|x86.ActiveCfg = Debug|Any CPU
		{D075FCF4-239C-43BC-8DBB-2E790FC169C6}.Release|Any CPU.ActiveCfg = Release|Any CPU
		{D075FCF4-239C-43BC-8DBB-2E790FC169C6}.Release|Any CPU.Build.0 = Release|Any CPU
		{D075FCF4-239C-43BC-8DBB-2E790FC169C6}.Release|Mixed Platforms.ActiveCfg = Release|Any CPU
		{D075FCF4-239C-43BC-8DBB-2E790FC169C6}.Release|Mixed Platforms.Build.0 = Release|Any CPU
		{D075FCF4-239C-43BC-8DBB-2E790FC169C6}.Release|x86.ActiveCfg = Release|Any CPU
		{C268C1C5-EE04-4E04-BE10-EEC3109BD85E}.Debug|Any CPU.ActiveCfg = Debug|Any CPU
		{C268C1C5-EE04-4E04-BE10-EEC3109BD85E}.Debug|Any CPU.Build.0 = Debug|Any CPU
		{C268C1C5-EE04-4E04-BE10-EEC3109BD85E}.Debug|Mixed Platforms.ActiveCfg = Debug|Any CPU
		{C268C1C5-EE04-4E04-BE10-EEC3109BD85E}.Debug|Mixed Platforms.Build.0 = Debug|Any CPU
		{C268C1C5-EE04-4E04-BE10-EEC3109BD85E}.Debug|x86.ActiveCfg = Debug|Any CPU
		{C268C1C5-EE04-4E04-BE10-EEC3109BD85E}.DebugTest|Any CPU.ActiveCfg = Debug|Any CPU
		{C268C1C5-EE04-4E04-BE10-EEC3109BD85E}.DebugTest|Any CPU.Build.0 = Debug|Any CPU
		{C268C1C5-EE04-4E04-BE10-EEC3109BD85E}.DebugTest|Mixed Platforms.ActiveCfg = Debug|Any CPU
		{C268C1C5-EE04-4E04-BE10-EEC3109BD85E}.DebugTest|Mixed Platforms.Build.0 = Debug|Any CPU
		{C268C1C5-EE04-4E04-BE10-EEC3109BD85E}.DebugTest|x86.ActiveCfg = Debug|Any CPU
		{C268C1C5-EE04-4E04-BE10-EEC3109BD85E}.Release|Any CPU.ActiveCfg = Release|Any CPU
		{C268C1C5-EE04-4E04-BE10-EEC3109BD85E}.Release|Any CPU.Build.0 = Release|Any CPU
		{C268C1C5-EE04-4E04-BE10-EEC3109BD85E}.Release|Mixed Platforms.ActiveCfg = Release|Any CPU
		{C268C1C5-EE04-4E04-BE10-EEC3109BD85E}.Release|Mixed Platforms.Build.0 = Release|Any CPU
		{C268C1C5-EE04-4E04-BE10-EEC3109BD85E}.Release|x86.ActiveCfg = Release|Any CPU
	EndGlobalSection
	GlobalSection(SolutionProperties) = preSolution
		HideSolutionNode = FALSE
	EndGlobalSection
EndGlobal
